// !$*UTF8*$!
{
	archiveVersion = 1;
	classes = {
	};
	objectVersion = 56;
	objects = {

/* Begin PBXBuildFile section */
		12B7D754298D78DF00E718D8 /* AppDelegate.swift in Sources */ = {isa = PBXBuildFile; fileRef = 12B7D753298D78DF00E718D8 /* AppDelegate.swift */; };
		12B7D756298D78DF00E718D8 /* SceneDelegate.swift in Sources */ = {isa = PBXBuildFile; fileRef = 12B7D755298D78DF00E718D8 /* SceneDelegate.swift */; };
		12B7D758298D78DF00E718D8 /* MainViewController.swift in Sources */ = {isa = PBXBuildFile; fileRef = 12B7D757298D78DF00E718D8 /* MainViewController.swift */; };
		12B7D75E298D78DF00E718D8 /* AIKYNETIX_Test_task.xcdatamodeld in Sources */ = {isa = PBXBuildFile; fileRef = 12B7D75C298D78DF00E718D8 /* AIKYNETIX_Test_task.xcdatamodeld */; };
		12B7D760298D78E300E718D8 /* Assets.xcassets in Resources */ = {isa = PBXBuildFile; fileRef = 12B7D75F298D78E300E718D8 /* Assets.xcassets */; };
		12B7D763298D78E300E718D8 /* LaunchScreen.storyboard in Resources */ = {isa = PBXBuildFile; fileRef = 12B7D761298D78E300E718D8 /* LaunchScreen.storyboard */; };
		12B7D76B298D7CB800E718D8 /* MainViewModel.swift in Sources */ = {isa = PBXBuildFile; fileRef = 12B7D76A298D7CB800E718D8 /* MainViewModel.swift */; };
		12B7D76D298D7D2500E718D8 /* VideoModel.swift in Sources */ = {isa = PBXBuildFile; fileRef = 12B7D76C298D7D2500E718D8 /* VideoModel.swift */; };
		12B7D773298D7EEC00E718D8 /* VideoTableViewCell.swift in Sources */ = {isa = PBXBuildFile; fileRef = 12B7D772298D7EEC00E718D8 /* VideoTableViewCell.swift */; };
		12B7D776298D802400E718D8 /* SnapKit in Frameworks */ = {isa = PBXBuildFile; productRef = 12B7D775298D802400E718D8 /* SnapKit */; };
		12B7D77C298D8EC600E718D8 /* RecordViewController.swift in Sources */ = {isa = PBXBuildFile; fileRef = 12B7D77B298D8EC600E718D8 /* RecordViewController.swift */; };
		12B7D77F298D911B00E718D8 /* CameraService.swift in Sources */ = {isa = PBXBuildFile; fileRef = 12B7D77E298D911B00E718D8 /* CameraService.swift */; };
		12B7D7A7298EC86900E718D8 /* RecordVideoViewModel.swift in Sources */ = {isa = PBXBuildFile; fileRef = 12B7D7A6298EC86900E718D8 /* RecordVideoViewModel.swift */; };
		12B7D7A9298ED2A300E718D8 /* CoreDataPublisher.swift in Sources */ = {isa = PBXBuildFile; fileRef = 12B7D7A8298ED2A300E718D8 /* CoreDataPublisher.swift */; };
		12B7D7AD298EF76400E718D8 /* PresentationVideoViewController.swift in Sources */ = {isa = PBXBuildFile; fileRef = 12B7D7AC298EF76400E718D8 /* PresentationVideoViewController.swift */; };
		12B7D7B1298EF7F300E718D8 /* PresentationViewModel.swift in Sources */ = {isa = PBXBuildFile; fileRef = 12B7D7B0298EF7F300E718D8 /* PresentationViewModel.swift */; };
/* End PBXBuildFile section */

/* Begin PBXFileReference section */
		12B7D750298D78DF00E718D8 /* AIKYNETIX Test task.app */ = {isa = PBXFileReference; explicitFileType = wrapper.application; includeInIndex = 0; path = "AIKYNETIX Test task.app"; sourceTree = BUILT_PRODUCTS_DIR; };
		12B7D753298D78DF00E718D8 /* AppDelegate.swift */ = {isa = PBXFileReference; lastKnownFileType = sourcecode.swift; path = AppDelegate.swift; sourceTree = "<group>"; };
		12B7D755298D78DF00E718D8 /* SceneDelegate.swift */ = {isa = PBXFileReference; lastKnownFileType = sourcecode.swift; path = SceneDelegate.swift; sourceTree = "<group>"; };
		12B7D757298D78DF00E718D8 /* MainViewController.swift */ = {isa = PBXFileReference; lastKnownFileType = sourcecode.swift; path = MainViewController.swift; sourceTree = "<group>"; };
		12B7D75D298D78DF00E718D8 /* AIKYNETIX_Test_task.xcdatamodel */ = {isa = PBXFileReference; lastKnownFileType = wrapper.xcdatamodel; path = AIKYNETIX_Test_task.xcdatamodel; sourceTree = "<group>"; };
		12B7D75F298D78E300E718D8 /* Assets.xcassets */ = {isa = PBXFileReference; lastKnownFileType = folder.assetcatalog; path = Assets.xcassets; sourceTree = "<group>"; };
		12B7D762298D78E300E718D8 /* Base */ = {isa = PBXFileReference; lastKnownFileType = file.storyboard; name = Base; path = Base.lproj/LaunchScreen.storyboard; sourceTree = "<group>"; };
		12B7D764298D78E300E718D8 /* Info.plist */ = {isa = PBXFileReference; lastKnownFileType = text.plist.xml; path = Info.plist; sourceTree = "<group>"; };
		12B7D76A298D7CB800E718D8 /* MainViewModel.swift */ = {isa = PBXFileReference; lastKnownFileType = sourcecode.swift; path = MainViewModel.swift; sourceTree = "<group>"; };
		12B7D76C298D7D2500E718D8 /* VideoModel.swift */ = {isa = PBXFileReference; lastKnownFileType = sourcecode.swift; path = VideoModel.swift; sourceTree = "<group>"; };
		12B7D772298D7EEC00E718D8 /* VideoTableViewCell.swift */ = {isa = PBXFileReference; lastKnownFileType = sourcecode.swift; path = VideoTableViewCell.swift; sourceTree = "<group>"; };
		12B7D77B298D8EC600E718D8 /* RecordViewController.swift */ = {isa = PBXFileReference; lastKnownFileType = sourcecode.swift; path = RecordViewController.swift; sourceTree = "<group>"; };
		12B7D77E298D911B00E718D8 /* CameraService.swift */ = {isa = PBXFileReference; lastKnownFileType = sourcecode.swift; path = CameraService.swift; sourceTree = "<group>"; };
		12B7D7A6298EC86900E718D8 /* RecordVideoViewModel.swift */ = {isa = PBXFileReference; lastKnownFileType = sourcecode.swift; path = RecordVideoViewModel.swift; sourceTree = "<group>"; };
		12B7D7A8298ED2A300E718D8 /* CoreDataPublisher.swift */ = {isa = PBXFileReference; lastKnownFileType = sourcecode.swift; path = CoreDataPublisher.swift; sourceTree = "<group>"; };
		12B7D7AC298EF76400E718D8 /* PresentationVideoViewController.swift */ = {isa = PBXFileReference; lastKnownFileType = sourcecode.swift; path = PresentationVideoViewController.swift; sourceTree = "<group>"; };
		12B7D7B0298EF7F300E718D8 /* PresentationViewModel.swift */ = {isa = PBXFileReference; lastKnownFileType = sourcecode.swift; path = PresentationViewModel.swift; sourceTree = "<group>"; };
/* End PBXFileReference section */

/* Begin PBXFrameworksBuildPhase section */
		12B7D74D298D78DF00E718D8 /* Frameworks */ = {
			isa = PBXFrameworksBuildPhase;
			buildActionMask = 2147483647;
			files = (
				12B7D776298D802400E718D8 /* SnapKit in Frameworks */,
			);
			runOnlyForDeploymentPostprocessing = 0;
		};
/* End PBXFrameworksBuildPhase section */

/* Begin PBXGroup section */
		12B7D747298D78DF00E718D8 = {
			isa = PBXGroup;
			children = (
				12B7D752298D78DF00E718D8 /* AIKYNETIX Test task */,
				12B7D751298D78DF00E718D8 /* Products */,
			);
			sourceTree = "<group>";
		};
		12B7D751298D78DF00E718D8 /* Products */ = {
			isa = PBXGroup;
			children = (
				12B7D750298D78DF00E718D8 /* AIKYNETIX Test task.app */,
			);
			name = Products;
			sourceTree = "<group>";
		};
		12B7D752298D78DF00E718D8 /* AIKYNETIX Test task */ = {
			isa = PBXGroup;
			children = (
				12B7D753298D78DF00E718D8 /* AppDelegate.swift */,
				12B7D755298D78DF00E718D8 /* SceneDelegate.swift */,
				12B7D778298D8E8700E718D8 /* Main */,
				12B7D777298D8E6300E718D8 /* Record */,
				12B7D7AE298EF76C00E718D8 /* VideoPresentation */,
				12B7D75F298D78E300E718D8 /* Assets.xcassets */,
				12B7D761298D78E300E718D8 /* LaunchScreen.storyboard */,
				12B7D764298D78E300E718D8 /* Info.plist */,
				12B7D75C298D78DF00E718D8 /* AIKYNETIX_Test_task.xcdatamodeld */,
			);
			path = "AIKYNETIX Test task";
			sourceTree = "<group>";
		};
		12B7D76E298D7EB000E718D8 /* Model */ = {
			isa = PBXGroup;
			children = (
				12B7D76C298D7D2500E718D8 /* VideoModel.swift */,
			);
			path = Model;
			sourceTree = "<group>";
		};
		12B7D770298D7EC300E718D8 /* ViewModel */ = {
			isa = PBXGroup;
			children = (
				12B7D76A298D7CB800E718D8 /* MainViewModel.swift */,
			);
			path = ViewModel;
			sourceTree = "<group>";
		};
		12B7D771298D7ECD00E718D8 /* View */ = {
			isa = PBXGroup;
			children = (
				12B7D757298D78DF00E718D8 /* MainViewController.swift */,
				12B7D772298D7EEC00E718D8 /* VideoTableViewCell.swift */,
			);
			path = View;
			sourceTree = "<group>";
		};
		12B7D777298D8E6300E718D8 /* Record */ = {
			isa = PBXGroup;
			children = (
				12B7D780298DA0DA00E718D8 /* Model */,
				12B7D77D298D910200E718D8 /* CameraService */,
				12B7D77A298D8EA900E718D8 /* ViewModel */,
				12B7D779298D8E9F00E718D8 /* View */,
			);
			path = Record;
			sourceTree = "<group>";
		};
		12B7D778298D8E8700E718D8 /* Main */ = {
			isa = PBXGroup;
			children = (
				12B7D76E298D7EB000E718D8 /* Model */,
				12B7D770298D7EC300E718D8 /* ViewModel */,
				12B7D771298D7ECD00E718D8 /* View */,
				12B7D7A8298ED2A300E718D8 /* CoreDataPublisher.swift */,
			);
			path = Main;
			sourceTree = "<group>";
		};
		12B7D779298D8E9F00E718D8 /* View */ = {
			isa = PBXGroup;
			children = (
				12B7D77B298D8EC600E718D8 /* RecordViewController.swift */,
			);
			path = View;
			sourceTree = "<group>";
		};
		12B7D77A298D8EA900E718D8 /* ViewModel */ = {
			isa = PBXGroup;
			children = (
				12B7D7A6298EC86900E718D8 /* RecordVideoViewModel.swift */,
			);
			path = ViewModel;
			sourceTree = "<group>";
		};
		12B7D77D298D910200E718D8 /* CameraService */ = {
			isa = PBXGroup;
			children = (
				12B7D77E298D911B00E718D8 /* CameraService.swift */,
			);
			path = CameraService;
			sourceTree = "<group>";
		};
		12B7D780298DA0DA00E718D8 /* Model */ = {
			isa = PBXGroup;
			children = (
			);
			path = Model;
			sourceTree = "<group>";
		};
		12B7D7AE298EF76C00E718D8 /* VideoPresentation */ = {
			isa = PBXGroup;
			children = (
				12B7D7AF298EF78300E718D8 /* View */,
				12B7D7B2298EF80F00E718D8 /* ViewModel */,
			);
			path = VideoPresentation;
			sourceTree = "<group>";
		};
		12B7D7AF298EF78300E718D8 /* View */ = {
			isa = PBXGroup;
			children = (
				12B7D7AC298EF76400E718D8 /* PresentationVideoViewController.swift */,
			);
			path = View;
			sourceTree = "<group>";
		};
		12B7D7B2298EF80F00E718D8 /* ViewModel */ = {
			isa = PBXGroup;
			children = (
				12B7D7B0298EF7F300E718D8 /* PresentationViewModel.swift */,
			);
			path = ViewModel;
			sourceTree = "<group>";
		};
/* End PBXGroup section */

/* Begin PBXNativeTarget section */
		12B7D74F298D78DF00E718D8 /* AIKYNETIX Test task */ = {
			isa = PBXNativeTarget;
			buildConfigurationList = 12B7D767298D78E300E718D8 /* Build configuration list for PBXNativeTarget "AIKYNETIX Test task" */;
			buildPhases = (
				12B7D74C298D78DF00E718D8 /* Sources */,
				12B7D74D298D78DF00E718D8 /* Frameworks */,
				12B7D74E298D78DF00E718D8 /* Resources */,
			);
			buildRules = (
			);
			dependencies = (
			);
			name = "AIKYNETIX Test task";
			packageProductDependencies = (
				12B7D775298D802400E718D8 /* SnapKit */,
			);
			productName = "AIKYNETIX Test task";
			productReference = 12B7D750298D78DF00E718D8 /* AIKYNETIX Test task.app */;
			productType = "com.apple.product-type.application";
		};
/* End PBXNativeTarget section */

/* Begin PBXProject section */
		12B7D748298D78DF00E718D8 /* Project object */ = {
			isa = PBXProject;
			attributes = {
				BuildIndependentTargetsInParallel = 1;
				LastSwiftUpdateCheck = 1420;
				LastUpgradeCheck = 1420;
				TargetAttributes = {
					12B7D74F298D78DF00E718D8 = {
						CreatedOnToolsVersion = 14.2;
					};
				};
			};
			buildConfigurationList = 12B7D74B298D78DF00E718D8 /* Build configuration list for PBXProject "AIKYNETIX Test task" */;
			compatibilityVersion = "Xcode 14.0";
			developmentRegion = en;
			hasScannedForEncodings = 0;
			knownRegions = (
				en,
				Base,
			);
			mainGroup = 12B7D747298D78DF00E718D8;
			packageReferences = (
				12B7D774298D802400E718D8 /* XCRemoteSwiftPackageReference "SnapKit" */,
			);
			productRefGroup = 12B7D751298D78DF00E718D8 /* Products */;
			projectDirPath = "";
			projectRoot = "";
			targets = (
				12B7D74F298D78DF00E718D8 /* AIKYNETIX Test task */,
			);
		};
/* End PBXProject section */

/* Begin PBXResourcesBuildPhase section */
		12B7D74E298D78DF00E718D8 /* Resources */ = {
			isa = PBXResourcesBuildPhase;
			buildActionMask = 2147483647;
			files = (
				12B7D763298D78E300E718D8 /* LaunchScreen.storyboard in Resources */,
				12B7D760298D78E300E718D8 /* Assets.xcassets in Resources */,
			);
			runOnlyForDeploymentPostprocessing = 0;
		};
/* End PBXResourcesBuildPhase section */

/* Begin PBXSourcesBuildPhase section */
		12B7D74C298D78DF00E718D8 /* Sources */ = {
			isa = PBXSourcesBuildPhase;
			buildActionMask = 2147483647;
			files = (
				12B7D76B298D7CB800E718D8 /* MainViewModel.swift in Sources */,
				12B7D76D298D7D2500E718D8 /* VideoModel.swift in Sources */,
				12B7D773298D7EEC00E718D8 /* VideoTableViewCell.swift in Sources */,
				12B7D7A7298EC86900E718D8 /* RecordVideoViewModel.swift in Sources */,
				12B7D77C298D8EC600E718D8 /* RecordViewController.swift in Sources */,
				12B7D758298D78DF00E718D8 /* MainViewController.swift in Sources */,
				12B7D7B1298EF7F300E718D8 /* PresentationViewModel.swift in Sources */,
				12B7D7A9298ED2A300E718D8 /* CoreDataPublisher.swift in Sources */,
				12B7D754298D78DF00E718D8 /* AppDelegate.swift in Sources */,
				12B7D75E298D78DF00E718D8 /* AIKYNETIX_Test_task.xcdatamodeld in Sources */,
				12B7D756298D78DF00E718D8 /* SceneDelegate.swift in Sources */,
				12B7D77F298D911B00E718D8 /* CameraService.swift in Sources */,
				12B7D7AD298EF76400E718D8 /* PresentationVideoViewController.swift in Sources */,
			);
			runOnlyForDeploymentPostprocessing = 0;
		};
/* End PBXSourcesBuildPhase section */

/* Begin PBXVariantGroup section */
		12B7D761298D78E300E718D8 /* LaunchScreen.storyboard */ = {
			isa = PBXVariantGroup;
			children = (
				12B7D762298D78E300E718D8 /* Base */,
			);
			name = LaunchScreen.storyboard;
			sourceTree = "<group>";
		};
/* End PBXVariantGroup section */

/* Begin XCBuildConfiguration section */
		12B7D765298D78E300E718D8 /* Debug */ = {
			isa = XCBuildConfiguration;
			buildSettings = {
				ALWAYS_SEARCH_USER_PATHS = NO;
				CLANG_ANALYZER_NONNULL = YES;
				CLANG_ANALYZER_NUMBER_OBJECT_CONVERSION = YES_AGGRESSIVE;
				CLANG_CXX_LANGUAGE_STANDARD = "gnu++20";
				CLANG_ENABLE_MODULES = YES;
				CLANG_ENABLE_OBJC_ARC = YES;
				CLANG_ENABLE_OBJC_WEAK = YES;
				CLANG_WARN_BLOCK_CAPTURE_AUTORELEASING = YES;
				CLANG_WARN_BOOL_CONVERSION = YES;
				CLANG_WARN_COMMA = YES;
				CLANG_WARN_CONSTANT_CONVERSION = YES;
				CLANG_WARN_DEPRECATED_OBJC_IMPLEMENTATIONS = YES;
				CLANG_WARN_DIRECT_OBJC_ISA_USAGE = YES_ERROR;
				CLANG_WARN_DOCUMENTATION_COMMENTS = YES;
				CLANG_WARN_EMPTY_BODY = YES;
				CLANG_WARN_ENUM_CONVERSION = YES;
				CLANG_WARN_INFINITE_RECURSION = YES;
				CLANG_WARN_INT_CONVERSION = YES;
				CLANG_WARN_NON_LITERAL_NULL_CONVERSION = YES;
				CLANG_WARN_OBJC_IMPLICIT_RETAIN_SELF = YES;
				CLANG_WARN_OBJC_LITERAL_CONVERSION = YES;
				CLANG_WARN_OBJC_ROOT_CLASS = YES_ERROR;
				CLANG_WARN_QUOTED_INCLUDE_IN_FRAMEWORK_HEADER = YES;
				CLANG_WARN_RANGE_LOOP_ANALYSIS = YES;
				CLANG_WARN_STRICT_PROTOTYPES = YES;
				CLANG_WARN_SUSPICIOUS_MOVE = YES;
				CLANG_WARN_UNGUARDED_AVAILABILITY = YES_AGGRESSIVE;
				CLANG_WARN_UNREACHABLE_CODE = YES;
				CLANG_WARN__DUPLICATE_METHOD_MATCH = YES;
				COPY_PHASE_STRIP = NO;
				DEBUG_INFORMATION_FORMAT = dwarf;
				ENABLE_STRICT_OBJC_MSGSEND = YES;
				ENABLE_TESTABILITY = YES;
				GCC_C_LANGUAGE_STANDARD = gnu11;
				GCC_DYNAMIC_NO_PIC = NO;
				GCC_NO_COMMON_BLOCKS = YES;
				GCC_OPTIMIZATION_LEVEL = 0;
				GCC_PREPROCESSOR_DEFINITIONS = (
					"DEBUG=1",
					"$(inherited)",
				);
				GCC_WARN_64_TO_32_BIT_CONVERSION = YES;
				GCC_WARN_ABOUT_RETURN_TYPE = YES_ERROR;
				GCC_WARN_UNDECLARED_SELECTOR = YES;
				GCC_WARN_UNINITIALIZED_AUTOS = YES_AGGRESSIVE;
				GCC_WARN_UNUSED_FUNCTION = YES;
				GCC_WARN_UNUSED_VARIABLE = YES;
				IPHONEOS_DEPLOYMENT_TARGET = 16.2;
				MTL_ENABLE_DEBUG_INFO = INCLUDE_SOURCE;
				MTL_FAST_MATH = YES;
				ONLY_ACTIVE_ARCH = YES;
				SDKROOT = iphoneos;
				SWIFT_ACTIVE_COMPILATION_CONDITIONS = DEBUG;
				SWIFT_OPTIMIZATION_LEVEL = "-Onone";
			};
			name = Debug;
		};
		12B7D766298D78E300E718D8 /* Release */ = {
			isa = XCBuildConfiguration;
			buildSettings = {
				ALWAYS_SEARCH_USER_PATHS = NO;
				CLANG_ANALYZER_NONNULL = YES;
				CLANG_ANALYZER_NUMBER_OBJECT_CONVERSION = YES_AGGRESSIVE;
				CLANG_CXX_LANGUAGE_STANDARD = "gnu++20";
				CLANG_ENABLE_MODULES = YES;
				CLANG_ENABLE_OBJC_ARC = YES;
				CLANG_ENABLE_OBJC_WEAK = YES;
				CLANG_WARN_BLOCK_CAPTURE_AUTORELEASING = YES;
				CLANG_WARN_BOOL_CONVERSION = YES;
				CLANG_WARN_COMMA = YES;
				CLANG_WARN_CONSTANT_CONVERSION = YES;
				CLANG_WARN_DEPRECATED_OBJC_IMPLEMENTATIONS = YES;
				CLANG_WARN_DIRECT_OBJC_ISA_USAGE = YES_ERROR;
				CLANG_WARN_DOCUMENTATION_COMMENTS = YES;
				CLANG_WARN_EMPTY_BODY = YES;
				CLANG_WARN_ENUM_CONVERSION = YES;
				CLANG_WARN_INFINITE_RECURSION = YES;
				CLANG_WARN_INT_CONVERSION = YES;
				CLANG_WARN_NON_LITERAL_NULL_CONVERSION = YES;
				CLANG_WARN_OBJC_IMPLICIT_RETAIN_SELF = YES;
				CLANG_WARN_OBJC_LITERAL_CONVERSION = YES;
				CLANG_WARN_OBJC_ROOT_CLASS = YES_ERROR;
				CLANG_WARN_QUOTED_INCLUDE_IN_FRAMEWORK_HEADER = YES;
				CLANG_WARN_RANGE_LOOP_ANALYSIS = YES;
				CLANG_WARN_STRICT_PROTOTYPES = YES;
				CLANG_WARN_SUSPICIOUS_MOVE = YES;
				CLANG_WARN_UNGUARDED_AVAILABILITY = YES_AGGRESSIVE;
				CLANG_WARN_UNREACHABLE_CODE = YES;
				CLANG_WARN__DUPLICATE_METHOD_MATCH = YES;
				COPY_PHASE_STRIP = NO;
				DEBUG_INFORMATION_FORMAT = "dwarf-with-dsym";
				ENABLE_NS_ASSERTIONS = NO;
				ENABLE_STRICT_OBJC_MSGSEND = YES;
				GCC_C_LANGUAGE_STANDARD = gnu11;
				GCC_NO_COMMON_BLOCKS = YES;
				GCC_WARN_64_TO_32_BIT_CONVERSION = YES;
				GCC_WARN_ABOUT_RETURN_TYPE = YES_ERROR;
				GCC_WARN_UNDECLARED_SELECTOR = YES;
				GCC_WARN_UNINITIALIZED_AUTOS = YES_AGGRESSIVE;
				GCC_WARN_UNUSED_FUNCTION = YES;
				GCC_WARN_UNUSED_VARIABLE = YES;
				IPHONEOS_DEPLOYMENT_TARGET = 16.2;
				MTL_ENABLE_DEBUG_INFO = NO;
				MTL_FAST_MATH = YES;
				SDKROOT = iphoneos;
				SWIFT_COMPILATION_MODE = wholemodule;
				SWIFT_OPTIMIZATION_LEVEL = "-O";
				VALIDATE_PRODUCT = YES;
			};
			name = Release;
		};
		12B7D768298D78E300E718D8 /* Debug */ = {
			isa = XCBuildConfiguration;
			buildSettings = {
				ASSETCATALOG_COMPILER_APPICON_NAME = AppIcon;
				ASSETCATALOG_COMPILER_GLOBAL_ACCENT_COLOR_NAME = AccentColor;
				CODE_SIGN_STYLE = Automatic;
				CURRENT_PROJECT_VERSION = 1;
				DEVELOPMENT_TEAM = 5YZEB9WTWN;
				GENERATE_INFOPLIST_FILE = YES;
				INFOPLIST_FILE = "AIKYNETIX Test task/Info.plist";
				INFOPLIST_KEY_UIApplicationSupportsIndirectInputEvents = YES;
				INFOPLIST_KEY_UILaunchStoryboardName = LaunchScreen;
				INFOPLIST_KEY_UISupportedInterfaceOrientations = UIInterfaceOrientationPortrait;
				IPHONEOS_DEPLOYMENT_TARGET = 16.0;
				LD_RUNPATH_SEARCH_PATHS = (
					"$(inherited)",
					"@executable_path/Frameworks",
				);
				MARKETING_VERSION = 1.0;
				PRODUCT_BUNDLE_IDENTIFIER = "com.icloud-sa4kov.dmitry.AIKYNETIX-Test-task";
				PRODUCT_NAME = "$(TARGET_NAME)";
				SWIFT_EMIT_LOC_STRINGS = YES;
				SWIFT_VERSION = 5.0;
				TARGETED_DEVICE_FAMILY = "1,2";
			};
			name = Debug;
		};
		12B7D769298D78E300E718D8 /* Release */ = {
			isa = XCBuildConfiguration;
			buildSettings = {
				ASSETCATALOG_COMPILER_APPICON_NAME = AppIcon;
				ASSETCATALOG_COMPILER_GLOBAL_ACCENT_COLOR_NAME = AccentColor;
				CODE_SIGN_STYLE = Automatic;
				CURRENT_PROJECT_VERSION = 1;
				DEVELOPMENT_TEAM = 5YZEB9WTWN;
				GENERATE_INFOPLIST_FILE = YES;
				INFOPLIST_FILE = "AIKYNETIX Test task/Info.plist";
				INFOPLIST_KEY_UIApplicationSupportsIndirectInputEvents = YES;
				INFOPLIST_KEY_UILaunchStoryboardName = LaunchScreen;
				INFOPLIST_KEY_UISupportedInterfaceOrientations = UIInterfaceOrientationPortrait;
				IPHONEOS_DEPLOYMENT_TARGET = 16.0;
				LD_RUNPATH_SEARCH_PATHS = (
					"$(inherited)",
					"@executable_path/Frameworks",
				);
				MARKETING_VERSION = 1.0;
				PRODUCT_BUNDLE_IDENTIFIER = "com.icloud-sa4kov.dmitry.AIKYNETIX-Test-task";
				PRODUCT_NAME = "$(TARGET_NAME)";
				SWIFT_EMIT_LOC_STRINGS = YES;
				SWIFT_VERSION = 5.0;
				TARGETED_DEVICE_FAMILY = "1,2";
			};
			name = Release;
		};
/* End XCBuildConfiguration section */

/* Begin XCConfigurationList section */
		12B7D74B298D78DF00E718D8 /* Build configuration list for PBXProject "AIKYNETIX Test task" */ = {
			isa = XCConfigurationList;
			buildConfigurations = (
				12B7D765298D78E300E718D8 /* Debug */,
				12B7D766298D78E300E718D8 /* Release */,
			);
			defaultConfigurationIsVisible = 0;
			defaultConfigurationName = Release;
		};
		12B7D767298D78E300E718D8 /* Build configuration list for PBXNativeTarget "AIKYNETIX Test task" */ = {
			isa = XCConfigurationList;
			buildConfigurations = (
				12B7D768298D78E300E718D8 /* Debug */,
				12B7D769298D78E300E718D8 /* Release */,
			);
			defaultConfigurationIsVisible = 0;
			defaultConfigurationName = Release;
		};
/* End XCConfigurationList section */

/* Begin XCRemoteSwiftPackageReference section */
		12B7D774298D802400E718D8 /* XCRemoteSwiftPackageReference "SnapKit" */ = {
			isa = XCRemoteSwiftPackageReference;
			repositoryURL = "https://github.com/SnapKit/SnapKit";
			requirement = {
				kind = upToNextMajorVersion;
				minimumVersion = 5.0.0;
			};
		};
/* End XCRemoteSwiftPackageReference section */

/* Begin XCSwiftPackageProductDependency section */
		12B7D775298D802400E718D8 /* SnapKit */ = {
			isa = XCSwiftPackageProductDependency;
			package = 12B7D774298D802400E718D8 /* XCRemoteSwiftPackageReference "SnapKit" */;
			productName = SnapKit;
		};
/* End XCSwiftPackageProductDependency section */

/* Begin XCVersionGroup section */
		12B7D75C298D78DF00E718D8 /* AIKYNETIX_Test_task.xcdatamodeld */ = {
			isa = XCVersionGroup;
			children = (
				12B7D75D298D78DF00E718D8 /* AIKYNETIX_Test_task.xcdatamodel */,
			);
			currentVersion = 12B7D75D298D78DF00E718D8 /* AIKYNETIX_Test_task.xcdatamodel */;
			path = AIKYNETIX_Test_task.xcdatamodeld;
			sourceTree = "<group>";
			versionGroupType = wrapper.xcdatamodel;
		};
/* End XCVersionGroup section */
	};
	rootObject = 12B7D748298D78DF00E718D8 /* Project object */;
}
